
Microsoft Visual Studio Solution File, Format Version 12.00
# Visual Studio Version 16
VisualStudioVersion = 16.0.32228.343
MinimumVisualStudioVersion = 10.0.40219.1
Project("{F184B08F-C81C-45F6-A57F-5ABD9991F28F}") = "Customer Incidents", "Customer Incidents\Customer Incidents.vbproj", "{0087FEBB-D71C-40B3-8B1A-F597D3F1D9E3}"
EndProject
Global
	GlobalSection(SolutionConfigurationPlatforms) = preSolution
		Debug|Any CPU = Debug|Any CPU
		Release|Any CPU = Release|Any CPU
	EndGlobalSection
	GlobalSection(ProjectConfigurationPlatforms) = postSolution
		{0087FEBB-D71C-40B3-8B1A-F597D3F1D9E3}.Debug|Any CPU.ActiveCfg = Debug|Any CPU
		{0087FEBB-D71C-40B3-8B1A-F597D3F1D9E3}.Debug|Any CPU.Build.0 = Debug|Any CPU
		{0087FEBB-D71C-40B3-8B1A-F597D3F1D9E3}.Release|Any CPU.ActiveCfg = Release|Any CPU
		{0087FEBB-D71C-40B3-8B1A-F597D3F1D9E3}.Release|Any CPU.Build.0 = Release|Any CPU
	EndGlobalSection
	GlobalSection(SolutionProperties) = preSolution
		HideSolutionNode = FALSE
	EndGlobalSection
	GlobalSection(ExtensibilityGlobals) = postSolution
		SolutionGuid = {1C01050F-1972-428B-9B83-9851BA03F515}
	EndGlobalSection
EndGlobal
